
Microsoft Visual Studio Solution File, Format Version 12.00
# Visual Studio Version 16
VisualStudioVersion = 16.0.30413.136
MinimumVisualStudioVersion = 10.0.40219.1
Project("{8BC9CEB8-8B4A-11D0-8D11-00A0C91BC942}") = "midterm_assignment", "midterm_assignment\midterm_assignment.vcxproj", "{0FE1414E-CFF3-4981-9C65-4E2D80D697ED}"
EndProject
Global
	GlobalSection(SolutionConfigurationPlatforms) = preSolution
		Debug|x64 = Debug|x64
		Debug|x86 = Debug|x86
		Release|x64 = Release|x64
		Release|x86 = Release|x86
	EndGlobalSection
	GlobalSection(ProjectConfigurationPlatforms) = postSolution
		{0FE1414E-CFF3-4981-9C65-4E2D80D697ED}.Debug|x64.ActiveCfg = Debug|x64
		{0FE1414E-CFF3-4981-9C65-4E2D80D697ED}.Debug|x64.Build.0 = Debug|x64
		{0FE1414E-CFF3-4981-9C65-4E2D80D697ED}.Debug|x86.ActiveCfg = Debug|Win32
		{0FE1414E-CFF3-4981-9C65-4E2D80D697ED}.Debug|x86.Build.0 = Debug|Win32
		{0FE1414E-CFF3-4981-9C65-4E2D80D697ED}.Release|x64.ActiveCfg = Release|x64
		{0FE1414E-CFF3-4981-9C65-4E2D80D697ED}.Release|x64.Build.0 = Release|x64
		{0FE1414E-CFF3-4981-9C65-4E2D80D697ED}.Release|x86.ActiveCfg = Release|Win32
		{0FE1414E-CFF3-4981-9C65-4E2D80D697ED}.Release|x86.Build.0 = Release|Win32
	EndGlobalSection
	GlobalSection(SolutionProperties) = preSolution
		HideSolutionNode = FALSE
	EndGlobalSection
	GlobalSection(ExtensibilityGlobals) = postSolution
		SolutionGuid = {8BE3AABB-F3F6-4A02-A3E0-7A63256E0F5A}
	EndGlobalSection
EndGlobal
